
Microsoft Visual Studio Solution File, Format Version 12.00
# Visual Studio Version 16
VisualStudioVersion = 16.0.31515.178
MinimumVisualStudioVersion = 10.0.40219.1
Project("{FAE04EC0-301F-11D3-BF4B-00C04F79EFBC}") = "DISample.Console", "src\DISample.Console\DISample.Console.csproj", "{6B1F73C7-3392-41C3-9D99-BB32229FC2D5}"
EndProject
Global
	GlobalSection(SolutionConfigurationPlatforms) = preSolution
		Debug|Any CPU = Debug|Any CPU
		Release|Any CPU = Release|Any CPU
	EndGlobalSection
	GlobalSection(ProjectConfigurationPlatforms) = postSolution
		{6B1F73C7-3392-41C3-9D99-BB32229FC2D5}.Debug|Any CPU.ActiveCfg = Debug|Any CPU
		{6B1F73C7-3392-41C3-9D99-BB32229FC2D5}.Debug|Any CPU.Build.0 = Debug|Any CPU
		{6B1F73C7-3392-41C3-9D99-BB32229FC2D5}.Release|Any CPU.ActiveCfg = Release|Any CPU
		{6B1F73C7-3392-41C3-9D99-BB32229FC2D5}.Release|Any CPU.Build.0 = Release|Any CPU
	EndGlobalSection
	GlobalSection(SolutionProperties) = preSolution
		HideSolutionNode = FALSE
	EndGlobalSection
	GlobalSection(ExtensibilityGlobals) = postSolution
		SolutionGuid = {69E482E2-51F0-4447-BB83-8B638E9C1B82}
	EndGlobalSection
EndGlobal
